# This file is automatically @generated by Cargo.
# It is not intended for manual editing.
version = 4

[[package]]
name = "chronicle-core"
version = "0.1.0"

[[package]]
name = "chronicle-storage"
version = "0.1.0"
dependencies = [
 "chronicle-core",
]

[[package]]
name = "chronicle-sync"
version = "0.1.0"
dependencies = [
 "chronicle-core",
]
